// !$*UTF8*$!
{
	archiveVersion = 1;
	classes = {
	};
	objectVersion = 55;
	objects = {

/* Begin PBXBuildFile section */
		6C5FF3F027E3187700489262 /* FacebookLogin in Frameworks */ = {isa = PBXBuildFile; productRef = 6C5FF3EF27E3187700489262 /* FacebookLogin */; };
		6C5FF3F227E3340900489262 /* SignInWithEmailValidationTest.swift in Sources */ = {isa = PBXBuildFile; fileRef = 6C5FF3F127E3340900489262 /* SignInWithEmailValidationTest.swift */; };
		6CE70F0827E25CE50096D7C1 /* AppDelegate.swift in Sources */ = {isa = PBXBuildFile; fileRef = 6CE70F0727E25CE50096D7C1 /* AppDelegate.swift */; };
		6CE70F0A27E25CE50096D7C1 /* SceneDelegate.swift in Sources */ = {isa = PBXBuildFile; fileRef = 6CE70F0927E25CE50096D7C1 /* SceneDelegate.swift */; };
		6CE70F0C27E25CE50096D7C1 /* ViewController.swift in Sources */ = {isa = PBXBuildFile; fileRef = 6CE70F0B27E25CE50096D7C1 /* ViewController.swift */; };
		6CE70F0F27E25CE50096D7C1 /* Main.storyboard in Resources */ = {isa = PBXBuildFile; fileRef = 6CE70F0D27E25CE50096D7C1 /* Main.storyboard */; };
		6CE70F1127E25CE90096D7C1 /* Assets.xcassets in Resources */ = {isa = PBXBuildFile; fileRef = 6CE70F1027E25CE90096D7C1 /* Assets.xcassets */; };
		6CE70F1427E25CE90096D7C1 /* LaunchScreen.storyboard in Resources */ = {isa = PBXBuildFile; fileRef = 6CE70F1227E25CE90096D7C1 /* LaunchScreen.storyboard */; };
		6CE70F1F27E25CE90096D7C1 /* AuthenticationAppTests.swift in Sources */ = {isa = PBXBuildFile; fileRef = 6CE70F1E27E25CE90096D7C1 /* AuthenticationAppTests.swift */; };
		6CE70F2927E25CE90096D7C1 /* AuthenticationAppUITests.swift in Sources */ = {isa = PBXBuildFile; fileRef = 6CE70F2827E25CE90096D7C1 /* AuthenticationAppUITests.swift */; };
		6CE70F2B27E25CE90096D7C1 /* AuthenticationAppUITestsLaunchTests.swift in Sources */ = {isa = PBXBuildFile; fileRef = 6CE70F2A27E25CE90096D7C1 /* AuthenticationAppUITestsLaunchTests.swift */; };
		6CE70F3927E25E720096D7C1 /* FirebaseAnalytics in Frameworks */ = {isa = PBXBuildFile; productRef = 6CE70F3827E25E720096D7C1 /* FirebaseAnalytics */; };
		6CE70F3B27E25E720096D7C1 /* FirebaseAuth in Frameworks */ = {isa = PBXBuildFile; productRef = 6CE70F3A27E25E720096D7C1 /* FirebaseAuth */; };
		6CE70F3D27E25E720096D7C1 /* FirebaseFirestore in Frameworks */ = {isa = PBXBuildFile; productRef = 6CE70F3C27E25E720096D7C1 /* FirebaseFirestore */; };
		6CE70F3F27E260040096D7C1 /* GoogleService-Info.plist in Resources */ = {isa = PBXBuildFile; fileRef = 6CE70F3E27E260020096D7C1 /* GoogleService-Info.plist */; };
		6CE70F4227E260D90096D7C1 /* GoogleSignIn in Frameworks */ = {isa = PBXBuildFile; productRef = 6CE70F4127E260D90096D7C1 /* GoogleSignIn */; };
/* End PBXBuildFile section */

/* Begin PBXContainerItemProxy section */
		6CE70F1B27E25CE90096D7C1 /* PBXContainerItemProxy */ = {
			isa = PBXContainerItemProxy;
			containerPortal = 6CE70EFC27E25CE40096D7C1 /* Project object */;
			proxyType = 1;
			remoteGlobalIDString = 6CE70F0327E25CE50096D7C1;
			remoteInfo = AuthenticationApp;
		};
		6CE70F2527E25CE90096D7C1 /* PBXContainerItemProxy */ = {
			isa = PBXContainerItemProxy;
			containerPortal = 6CE70EFC27E25CE40096D7C1 /* Project object */;
			proxyType = 1;
			remoteGlobalIDString = 6CE70F0327E25CE50096D7C1;
			remoteInfo = AuthenticationApp;
		};
/* End PBXContainerItemProxy section */

/* Begin PBXFileReference section */
		6C5FF3F127E3340900489262 /* SignInWithEmailValidationTest.swift */ = {isa = PBXFileReference; lastKnownFileType = sourcecode.swift; path = SignInWithEmailValidationTest.swift; sourceTree = "<group>"; };
		6CE70F0427E25CE50096D7C1 /* AuthenticationApp.app */ = {isa = PBXFileReference; explicitFileType = wrapper.application; includeInIndex = 0; path = AuthenticationApp.app; sourceTree = BUILT_PRODUCTS_DIR; };
		6CE70F0727E25CE50096D7C1 /* AppDelegate.swift */ = {isa = PBXFileReference; lastKnownFileType = sourcecode.swift; path = AppDelegate.swift; sourceTree = "<group>"; };
		6CE70F0927E25CE50096D7C1 /* SceneDelegate.swift */ = {isa = PBXFileReference; lastKnownFileType = sourcecode.swift; path = SceneDelegate.swift; sourceTree = "<group>"; };
		6CE70F0B27E25CE50096D7C1 /* ViewController.swift */ = {isa = PBXFileReference; lastKnownFileType = sourcecode.swift; path = ViewController.swift; sourceTree = "<group>"; };
		6CE70F0E27E25CE50096D7C1 /* Base */ = {isa = PBXFileReference; lastKnownFileType = file.storyboard; name = Base; path = Base.lproj/Main.storyboard; sourceTree = "<group>"; };
		6CE70F1027E25CE90096D7C1 /* Assets.xcassets */ = {isa = PBXFileReference; lastKnownFileType = folder.assetcatalog; path = Assets.xcassets; sourceTree = "<group>"; };
		6CE70F1327E25CE90096D7C1 /* Base */ = {isa = PBXFileReference; lastKnownFileType = file.storyboard; name = Base; path = Base.lproj/LaunchScreen.storyboard; sourceTree = "<group>"; };
		6CE70F1527E25CE90096D7C1 /* Info.plist */ = {isa = PBXFileReference; lastKnownFileType = text.plist.xml; path = Info.plist; sourceTree = "<group>"; };
		6CE70F1A27E25CE90096D7C1 /* AuthenticationAppTests.xctest */ = {isa = PBXFileReference; explicitFileType = wrapper.cfbundle; includeInIndex = 0; path = AuthenticationAppTests.xctest; sourceTree = BUILT_PRODUCTS_DIR; };
		6CE70F1E27E25CE90096D7C1 /* AuthenticationAppTests.swift */ = {isa = PBXFileReference; lastKnownFileType = sourcecode.swift; path = AuthenticationAppTests.swift; sourceTree = "<group>"; };
		6CE70F2427E25CE90096D7C1 /* AuthenticationAppUITests.xctest */ = {isa = PBXFileReference; explicitFileType = wrapper.cfbundle; includeInIndex = 0; path = AuthenticationAppUITests.xctest; sourceTree = BUILT_PRODUCTS_DIR; };
		6CE70F2827E25CE90096D7C1 /* AuthenticationAppUITests.swift */ = {isa = PBXFileReference; lastKnownFileType = sourcecode.swift; path = AuthenticationAppUITests.swift; sourceTree = "<group>"; };
		6CE70F2A27E25CE90096D7C1 /* AuthenticationAppUITestsLaunchTests.swift */ = {isa = PBXFileReference; lastKnownFileType = sourcecode.swift; path = AuthenticationAppUITestsLaunchTests.swift; sourceTree = "<group>"; };
		6CE70F3E27E260020096D7C1 /* GoogleService-Info.plist */ = {isa = PBXFileReference; fileEncoding = 4; lastKnownFileType = text.plist.xml; path = "GoogleService-Info.plist"; sourceTree = "<group>"; };
		6CE70F4327E274250096D7C1 /* AuthenticationApp.entitlements */ = {isa = PBXFileReference; lastKnownFileType = text.plist.entitlements; path = AuthenticationApp.entitlements; sourceTree = "<group>"; };
/* End PBXFileReference section */

/* Begin PBXFrameworksBuildPhase section */
		6CE70F0127E25CE50096D7C1 /* Frameworks */ = {
			isa = PBXFrameworksBuildPhase;
			buildActionMask = 2147483647;
			files = (
				6C5FF3F027E3187700489262 /* FacebookLogin in Frameworks */,
				6CE70F3927E25E720096D7C1 /* FirebaseAnalytics in Frameworks */,
				6CE70F4227E260D90096D7C1 /* GoogleSignIn in Frameworks */,
				6CE70F3B27E25E720096D7C1 /* FirebaseAuth in Frameworks */,
				6CE70F3D27E25E720096D7C1 /* FirebaseFirestore in Frameworks */,
			);
			runOnlyForDeploymentPostprocessing = 0;
		};
		6CE70F1727E25CE90096D7C1 /* Frameworks */ = {
			isa = PBXFrameworksBuildPhase;
			buildActionMask = 2147483647;
			files = (
			);
			runOnlyForDeploymentPostprocessing = 0;
		};
		6CE70F2127E25CE90096D7C1 /* Frameworks */ = {
			isa = PBXFrameworksBuildPhase;
			buildActionMask = 2147483647;
			files = (
			);
			runOnlyForDeploymentPostprocessing = 0;
		};
/* End PBXFrameworksBuildPhase section */

/* Begin PBXGroup section */
		6CE70EFB27E25CE40096D7C1 = {
			isa = PBXGroup;
			children = (
				6CE70F0627E25CE50096D7C1 /* AuthenticationApp */,
				6CE70F1D27E25CE90096D7C1 /* AuthenticationAppTests */,
				6CE70F2727E25CE90096D7C1 /* AuthenticationAppUITests */,
				6CE70F0527E25CE50096D7C1 /* Products */,
			);
			sourceTree = "<group>";
		};
		6CE70F0527E25CE50096D7C1 /* Products */ = {
			isa = PBXGroup;
			children = (
				6CE70F0427E25CE50096D7C1 /* AuthenticationApp.app */,
				6CE70F1A27E25CE90096D7C1 /* AuthenticationAppTests.xctest */,
				6CE70F2427E25CE90096D7C1 /* AuthenticationAppUITests.xctest */,
			);
			name = Products;
			sourceTree = "<group>";
		};
		6CE70F0627E25CE50096D7C1 /* AuthenticationApp */ = {
			isa = PBXGroup;
			children = (
				6CE70F4327E274250096D7C1 /* AuthenticationApp.entitlements */,
				6CE70F0727E25CE50096D7C1 /* AppDelegate.swift */,
				6CE70F0927E25CE50096D7C1 /* SceneDelegate.swift */,
				6CE70F0B27E25CE50096D7C1 /* ViewController.swift */,
				6CE70F0D27E25CE50096D7C1 /* Main.storyboard */,
				6CE70F1027E25CE90096D7C1 /* Assets.xcassets */,
				6CE70F1227E25CE90096D7C1 /* LaunchScreen.storyboard */,
				6CE70F1527E25CE90096D7C1 /* Info.plist */,
				6CE70F3E27E260020096D7C1 /* GoogleService-Info.plist */,
			);
			path = AuthenticationApp;
			sourceTree = "<group>";
		};
		6CE70F1D27E25CE90096D7C1 /* AuthenticationAppTests */ = {
			isa = PBXGroup;
			children = (
				6CE70F1E27E25CE90096D7C1 /* AuthenticationAppTests.swift */,
				6C5FF3F127E3340900489262 /* SignInWithEmailValidationTest.swift */,
			);
			path = AuthenticationAppTests;
			sourceTree = "<group>";
		};
		6CE70F2727E25CE90096D7C1 /* AuthenticationAppUITests */ = {
			isa = PBXGroup;
			children = (
				6CE70F2827E25CE90096D7C1 /* AuthenticationAppUITests.swift */,
				6CE70F2A27E25CE90096D7C1 /* AuthenticationAppUITestsLaunchTests.swift */,
			);
			path = AuthenticationAppUITests;
			sourceTree = "<group>";
		};
/* End PBXGroup section */

/* Begin PBXNativeTarget section */
		6CE70F0327E25CE50096D7C1 /* AuthenticationApp */ = {
			isa = PBXNativeTarget;
			buildConfigurationList = 6CE70F2E27E25CE90096D7C1 /* Build configuration list for PBXNativeTarget "AuthenticationApp" */;
			buildPhases = (
				6CE70F0027E25CE50096D7C1 /* Sources */,
				6CE70F0127E25CE50096D7C1 /* Frameworks */,
				6CE70F0227E25CE50096D7C1 /* Resources */,
			);
			buildRules = (
			);
			dependencies = (
			);
			name = AuthenticationApp;
			packageProductDependencies = (
				6CE70F3827E25E720096D7C1 /* FirebaseAnalytics */,
				6CE70F3A27E25E720096D7C1 /* FirebaseAuth */,
				6CE70F3C27E25E720096D7C1 /* FirebaseFirestore */,
				6CE70F4127E260D90096D7C1 /* GoogleSignIn */,
				6C5FF3EF27E3187700489262 /* FacebookLogin */,
			);
			productName = AuthenticationApp;
			productReference = 6CE70F0427E25CE50096D7C1 /* AuthenticationApp.app */;
			productType = "com.apple.product-type.application";
		};
		6CE70F1927E25CE90096D7C1 /* AuthenticationAppTests */ = {
			isa = PBXNativeTarget;
			buildConfigurationList = 6CE70F3127E25CE90096D7C1 /* Build configuration list for PBXNativeTarget "AuthenticationAppTests" */;
			buildPhases = (
				6CE70F1627E25CE90096D7C1 /* Sources */,
				6CE70F1727E25CE90096D7C1 /* Frameworks */,
				6CE70F1827E25CE90096D7C1 /* Resources */,
			);
			buildRules = (
			);
			dependencies = (
				6CE70F1C27E25CE90096D7C1 /* PBXTargetDependency */,
			);
			name = AuthenticationAppTests;
			productName = AuthenticationAppTests;
			productReference = 6CE70F1A27E25CE90096D7C1 /* AuthenticationAppTests.xctest */;
			productType = "com.apple.product-type.bundle.unit-test";
		};
		6CE70F2327E25CE90096D7C1 /* AuthenticationAppUITests */ = {
			isa = PBXNativeTarget;
			buildConfigurationList = 6CE70F3427E25CE90096D7C1 /* Build configuration list for PBXNativeTarget "AuthenticationAppUITests" */;
			buildPhases = (
				6CE70F2027E25CE90096D7C1 /* Sources */,
				6CE70F2127E25CE90096D7C1 /* Frameworks */,
				6CE70F2227E25CE90096D7C1 /* Resources */,
			);
			buildRules = (
			);
			dependencies = (
				6CE70F2627E25CE90096D7C1 /* PBXTargetDependency */,
			);
			name = AuthenticationAppUITests;
			productName = AuthenticationAppUITests;
			productReference = 6CE70F2427E25CE90096D7C1 /* AuthenticationAppUITests.xctest */;
			productType = "com.apple.product-type.bundle.ui-testing";
		};
/* End PBXNativeTarget section */

/* Begin PBXProject section */
		6CE70EFC27E25CE40096D7C1 /* Project object */ = {
			isa = PBXProject;
			attributes = {
				BuildIndependentTargetsInParallel = 1;
				LastSwiftUpdateCheck = 1320;
				LastUpgradeCheck = 1320;
				TargetAttributes = {
					6CE70F0327E25CE50096D7C1 = {
						CreatedOnToolsVersion = 13.2.1;
					};
					6CE70F1927E25CE90096D7C1 = {
						CreatedOnToolsVersion = 13.2.1;
						TestTargetID = 6CE70F0327E25CE50096D7C1;
					};
					6CE70F2327E25CE90096D7C1 = {
						CreatedOnToolsVersion = 13.2.1;
						TestTargetID = 6CE70F0327E25CE50096D7C1;
					};
				};
			};
			buildConfigurationList = 6CE70EFF27E25CE40096D7C1 /* Build configuration list for PBXProject "AuthenticationApp" */;
			compatibilityVersion = "Xcode 13.0";
			developmentRegion = en;
			hasScannedForEncodings = 0;
			knownRegions = (
				en,
				Base,
			);
			mainGroup = 6CE70EFB27E25CE40096D7C1;
			packageReferences = (
				6CE70F3727E25E720096D7C1 /* XCRemoteSwiftPackageReference "firebase-ios-sdk" */,
				6CE70F4027E260D80096D7C1 /* XCRemoteSwiftPackageReference "GoogleSignIn-iOS" */,
				6C5FF3EE27E3187600489262 /* XCRemoteSwiftPackageReference "facebook-ios-sdk" */,
			);
			productRefGroup = 6CE70F0527E25CE50096D7C1 /* Products */;
			projectDirPath = "";
			projectRoot = "";
			targets = (
				6CE70F0327E25CE50096D7C1 /* AuthenticationApp */,
				6CE70F1927E25CE90096D7C1 /* AuthenticationAppTests */,
				6CE70F2327E25CE90096D7C1 /* AuthenticationAppUITests */,
			);
		};
/* End PBXProject section */

/* Begin PBXResourcesBuildPhase section */
		6CE70F0227E25CE50096D7C1 /* Resources */ = {
			isa = PBXResourcesBuildPhase;
			buildActionMask = 2147483647;
			files = (
				6CE70F1427E25CE90096D7C1 /* LaunchScreen.storyboard in Resources */,
				6CE70F1127E25CE90096D7C1 /* Assets.xcassets in Resources */,
				6CE70F0F27E25CE50096D7C1 /* Main.storyboard in Resources */,
				6CE70F3F27E260040096D7C1 /* GoogleService-Info.plist in Resources */,
			);
			runOnlyForDeploymentPostprocessing = 0;
		};
		6CE70F1827E25CE90096D7C1 /* Resources */ = {
			isa = PBXResourcesBuildPhase;
			buildActionMask = 2147483647;
			files = (
			);
			runOnlyForDeploymentPostprocessing = 0;
		};
		6CE70F2227E25CE90096D7C1 /* Resources */ = {
			isa = PBXResourcesBuildPhase;
			buildActionMask = 2147483647;
			files = (
			);
			runOnlyForDeploymentPostprocessing = 0;
		};
/* End PBXResourcesBuildPhase section */

/* Begin PBXSourcesBuildPhase section */
		6CE70F0027E25CE50096D7C1 /* Sources */ = {
			isa = PBXSourcesBuildPhase;
			buildActionMask = 2147483647;
			files = (
				6CE70F0C27E25CE50096D7C1 /* ViewController.swift in Sources */,
				6CE70F0827E25CE50096D7C1 /* AppDelegate.swift in Sources */,
				6CE70F0A27E25CE50096D7C1 /* SceneDelegate.swift in Sources */,
			);
			runOnlyForDeploymentPostprocessing = 0;
		};
		6CE70F1627E25CE90096D7C1 /* Sources */ = {
			isa = PBXSourcesBuildPhase;
			buildActionMask = 2147483647;
			files = (
				6CE70F1F27E25CE90096D7C1 /* AuthenticationAppTests.swift in Sources */,
				6C5FF3F227E3340900489262 /* SignInWithEmailValidationTest.swift in Sources */,
			);
			runOnlyForDeploymentPostprocessing = 0;
		};
		6CE70F2027E25CE90096D7C1 /* Sources */ = {
			isa = PBXSourcesBuildPhase;
			buildActionMask = 2147483647;
			files = (
				6CE70F2B27E25CE90096D7C1 /* AuthenticationAppUITestsLaunchTests.swift in Sources */,
				6CE70F2927E25CE90096D7C1 /* AuthenticationAppUITests.swift in Sources */,
			);
			runOnlyForDeploymentPostprocessing = 0;
		};
/* End PBXSourcesBuildPhase section */

/* Begin PBXTargetDependency section */
		6CE70F1C27E25CE90096D7C1 /* PBXTargetDependency */ = {
			isa = PBXTargetDependency;
			target = 6CE70F0327E25CE50096D7C1 /* AuthenticationApp */;
			targetProxy = 6CE70F1B27E25CE90096D7C1 /* PBXContainerItemProxy */;
		};
		6CE70F2627E25CE90096D7C1 /* PBXTargetDependency */ = {
			isa = PBXTargetDependency;
			target = 6CE70F0327E25CE50096D7C1 /* AuthenticationApp */;
			targetProxy = 6CE70F2527E25CE90096D7C1 /* PBXContainerItemProxy */;
		};
/* End PBXTargetDependency section */

/* Begin PBXVariantGroup section */
		6CE70F0D27E25CE50096D7C1 /* Main.storyboard */ = {
			isa = PBXVariantGroup;
			children = (
				6CE70F0E27E25CE50096D7C1 /* Base */,
			);
			name = Main.storyboard;
			sourceTree = "<group>";
		};
		6CE70F1227E25CE90096D7C1 /* LaunchScreen.storyboard */ = {
			isa = PBXVariantGroup;
			children = (
				6CE70F1327E25CE90096D7C1 /* Base */,
			);
			name = LaunchScreen.storyboard;
			sourceTree = "<group>";
		};
/* End PBXVariantGroup section */

/* Begin XCBuildConfiguration section */
		6CE70F2C27E25CE90096D7C1 /* Debug */ = {
			isa = XCBuildConfiguration;
			buildSettings = {
				ALWAYS_SEARCH_USER_PATHS = NO;
				CLANG_ANALYZER_NONNULL = YES;
				CLANG_ANALYZER_NUMBER_OBJECT_CONVERSION = YES_AGGRESSIVE;
				CLANG_CXX_LANGUAGE_STANDARD = "gnu++17";
				CLANG_CXX_LIBRARY = "libc++";
				CLANG_ENABLE_MODULES = YES;
				CLANG_ENABLE_OBJC_ARC = YES;
				CLANG_ENABLE_OBJC_WEAK = YES;
				CLANG_WARN_BLOCK_CAPTURE_AUTORELEASING = YES;
				CLANG_WARN_BOOL_CONVERSION = YES;
				CLANG_WARN_COMMA = YES;
				CLANG_WARN_CONSTANT_CONVERSION = YES;
				CLANG_WARN_DEPRECATED_OBJC_IMPLEMENTATIONS = YES;
				CLANG_WARN_DIRECT_OBJC_ISA_USAGE = YES_ERROR;
				CLANG_WARN_DOCUMENTATION_COMMENTS = YES;
				CLANG_WARN_EMPTY_BODY = YES;
				CLANG_WARN_ENUM_CONVERSION = YES;
				CLANG_WARN_INFINITE_RECURSION = YES;
				CLANG_WARN_INT_CONVERSION = YES;
				CLANG_WARN_NON_LITERAL_NULL_CONVERSION = YES;
				CLANG_WARN_OBJC_IMPLICIT_RETAIN_SELF = YES;
				CLANG_WARN_OBJC_LITERAL_CONVERSION = YES;
				CLANG_WARN_OBJC_ROOT_CLASS = YES_ERROR;
				CLANG_WARN_QUOTED_INCLUDE_IN_FRAMEWORK_HEADER = YES;
				CLANG_WARN_RANGE_LOOP_ANALYSIS = YES;
				CLANG_WARN_STRICT_PROTOTYPES = YES;
				CLANG_WARN_SUSPICIOUS_MOVE = YES;
				CLANG_WARN_UNGUARDED_AVAILABILITY = YES_AGGRESSIVE;
				CLANG_WARN_UNREACHABLE_CODE = YES;
				CLANG_WARN__DUPLICATE_METHOD_MATCH = YES;
				COPY_PHASE_STRIP = NO;
				DEBUG_INFORMATION_FORMAT = dwarf;
				ENABLE_STRICT_OBJC_MSGSEND = YES;
				ENABLE_TESTABILITY = YES;
				GCC_C_LANGUAGE_STANDARD = gnu11;
				GCC_DYNAMIC_NO_PIC = NO;
				GCC_NO_COMMON_BLOCKS = YES;
				GCC_OPTIMIZATION_LEVEL = 0;
				GCC_PREPROCESSOR_DEFINITIONS = (
					"DEBUG=1",
					"$(inherited)",
				);
				GCC_WARN_64_TO_32_BIT_CONVERSION = YES;
				GCC_WARN_ABOUT_RETURN_TYPE = YES_ERROR;
				GCC_WARN_UNDECLARED_SELECTOR = YES;
				GCC_WARN_UNINITIALIZED_AUTOS = YES_AGGRESSIVE;
				GCC_WARN_UNUSED_FUNCTION = YES;
				GCC_WARN_UNUSED_VARIABLE = YES;
				IPHONEOS_DEPLOYMENT_TARGET = 15.2;
				MTL_ENABLE_DEBUG_INFO = INCLUDE_SOURCE;
				MTL_FAST_MATH = YES;
				ONLY_ACTIVE_ARCH = YES;
				SDKROOT = iphoneos;
				SWIFT_ACTIVE_COMPILATION_CONDITIONS = DEBUG;
				SWIFT_OPTIMIZATION_LEVEL = "-Onone";
			};
			name = Debug;
		};
		6CE70F2D27E25CE90096D7C1 /* Release */ = {
			isa = XCBuildConfiguration;
			buildSettings = {
				ALWAYS_SEARCH_USER_PATHS = NO;
				CLANG_ANALYZER_NONNULL = YES;
				CLANG_ANALYZER_NUMBER_OBJECT_CONVERSION = YES_AGGRESSIVE;
				CLANG_CXX_LANGUAGE_STANDARD = "gnu++17";
				CLANG_CXX_LIBRARY = "libc++";
				CLANG_ENABLE_MODULES = YES;
				CLANG_ENABLE_OBJC_ARC = YES;
				CLANG_ENABLE_OBJC_WEAK = YES;
				CLANG_WARN_BLOCK_CAPTURE_AUTORELEASING = YES;
				CLANG_WARN_BOOL_CONVERSION = YES;
				CLANG_WARN_COMMA = YES;
				CLANG_WARN_CONSTANT_CONVERSION = YES;
				CLANG_WARN_DEPRECATED_OBJC_IMPLEMENTATIONS = YES;
				CLANG_WARN_DIRECT_OBJC_ISA_USAGE = YES_ERROR;
				CLANG_WARN_DOCUMENTATION_COMMENTS = YES;
				CLANG_WARN_EMPTY_BODY = YES;
				CLANG_WARN_ENUM_CONVERSION = YES;
				CLANG_WARN_INFINITE_RECURSION = YES;
				CLANG_WARN_INT_CONVERSION = YES;
				CLANG_WARN_NON_LITERAL_NULL_CONVERSION = YES;
				CLANG_WARN_OBJC_IMPLICIT_RETAIN_SELF = YES;
				CLANG_WARN_OBJC_LITERAL_CONVERSION = YES;
				CLANG_WARN_OBJC_ROOT_CLASS = YES_ERROR;
				CLANG_WARN_QUOTED_INCLUDE_IN_FRAMEWORK_HEADER = YES;
				CLANG_WARN_RANGE_LOOP_ANALYSIS = YES;
				CLANG_WARN_STRICT_PROTOTYPES = YES;
				CLANG_WARN_SUSPICIOUS_MOVE = YES;
				CLANG_WARN_UNGUARDED_AVAILABILITY = YES_AGGRESSIVE;
				CLANG_WARN_UNREACHABLE_CODE = YES;
				CLANG_WARN__DUPLICATE_METHOD_MATCH = YES;
				COPY_PHASE_STRIP = NO;
				DEBUG_INFORMATION_FORMAT = "dwarf-with-dsym";
				ENABLE_NS_ASSERTIONS = NO;
				ENABLE_STRICT_OBJC_MSGSEND = YES;
				GCC_C_LANGUAGE_STANDARD = gnu11;
				GCC_NO_COMMON_BLOCKS = YES;
				GCC_WARN_64_TO_32_BIT_CONVERSION = YES;
				GCC_WARN_ABOUT_RETURN_TYPE = YES_ERROR;
				GCC_WARN_UNDECLARED_SELECTOR = YES;
				GCC_WARN_UNINITIALIZED_AUTOS = YES_AGGRESSIVE;
				GCC_WARN_UNUSED_FUNCTION = YES;
				GCC_WARN_UNUSED_VARIABLE = YES;
				IPHONEOS_DEPLOYMENT_TARGET = 15.2;
				MTL_ENABLE_DEBUG_INFO = NO;
				MTL_FAST_MATH = YES;
				SDKROOT = iphoneos;
				SWIFT_COMPILATION_MODE = wholemodule;
				SWIFT_OPTIMIZATION_LEVEL = "-O";
				VALIDATE_PRODUCT = YES;
			};
			name = Release;
		};
		6CE70F2F27E25CE90096D7C1 /* Debug */ = {
			isa = XCBuildConfiguration;
			buildSettings = {
				ASSETCATALOG_COMPILER_APPICON_NAME = AppIcon;
				ASSETCATALOG_COMPILER_GLOBAL_ACCENT_COLOR_NAME = AccentColor;
				CODE_SIGN_ENTITLEMENTS = AuthenticationApp/AuthenticationApp.entitlements;
				CODE_SIGN_STYLE = Automatic;
				CURRENT_PROJECT_VERSION = 1;
				GENERATE_INFOPLIST_FILE = YES;
				INFOPLIST_FILE = AuthenticationApp/Info.plist;
				INFOPLIST_KEY_CFBundleDisplayName = AuthApp;
				INFOPLIST_KEY_UIApplicationSupportsIndirectInputEvents = YES;
				INFOPLIST_KEY_UILaunchStoryboardName = LaunchScreen;
				INFOPLIST_KEY_UIMainStoryboardFile = Main;
				INFOPLIST_KEY_UISupportedInterfaceOrientations_iPad = "UIInterfaceOrientationPortrait UIInterfaceOrientationPortraitUpsideDown UIInterfaceOrientationLandscapeLeft UIInterfaceOrientationLandscapeRight";
				INFOPLIST_KEY_UISupportedInterfaceOrientations_iPhone = "UIInterfaceOrientationPortrait UIInterfaceOrientationLandscapeLeft UIInterfaceOrientationLandscapeRight";
				LD_RUNPATH_SEARCH_PATHS = (
					"$(inherited)",
					"@executable_path/Frameworks",
				);
				MARKETING_VERSION = 1.0;
				PRODUCT_BUNDLE_IDENTIFIER = com.ibirori.app.AuthenticationApp1;
				PRODUCT_NAME = "$(TARGET_NAME)";
				SWIFT_EMIT_LOC_STRINGS = YES;
				SWIFT_VERSION = 5.0;
				TARGETED_DEVICE_FAMILY = "1,2";
			};
			name = Debug;
		};
		6CE70F3027E25CE90096D7C1 /* Release */ = {
			isa = XCBuildConfiguration;
			buildSettings = {
				ASSETCATALOG_COMPILER_APPICON_NAME = AppIcon;
				ASSETCATALOG_COMPILER_GLOBAL_ACCENT_COLOR_NAME = AccentColor;
				CODE_SIGN_ENTITLEMENTS = AuthenticationApp/AuthenticationApp.entitlements;
				CODE_SIGN_STYLE = Automatic;
				CURRENT_PROJECT_VERSION = 1;
				GENERATE_INFOPLIST_FILE = YES;
				INFOPLIST_FILE = AuthenticationApp/Info.plist;
				INFOPLIST_KEY_CFBundleDisplayName = AuthApp;
				INFOPLIST_KEY_UIApplicationSupportsIndirectInputEvents = YES;
				INFOPLIST_KEY_UILaunchStoryboardName = LaunchScreen;
				INFOPLIST_KEY_UIMainStoryboardFile = Main;
				INFOPLIST_KEY_UISupportedInterfaceOrientations_iPad = "UIInterfaceOrientationPortrait UIInterfaceOrientationPortraitUpsideDown UIInterfaceOrientationLandscapeLeft UIInterfaceOrientationLandscapeRight";
				INFOPLIST_KEY_UISupportedInterfaceOrientations_iPhone = "UIInterfaceOrientationPortrait UIInterfaceOrientationLandscapeLeft UIInterfaceOrientationLandscapeRight";
				LD_RUNPATH_SEARCH_PATHS = (
					"$(inherited)",
					"@executable_path/Frameworks",
				);
				MARKETING_VERSION = 1.0;
				PRODUCT_BUNDLE_IDENTIFIER = com.ibirori.app.AuthenticationApp1;
				PRODUCT_NAME = "$(TARGET_NAME)";
				SWIFT_EMIT_LOC_STRINGS = YES;
				SWIFT_VERSION = 5.0;
				TARGETED_DEVICE_FAMILY = "1,2";
			};
			name = Release;
		};
		6CE70F3227E25CE90096D7C1 /* Debug */ = {
			isa = XCBuildConfiguration;
			buildSettings = {
				ALWAYS_EMBED_SWIFT_STANDARD_LIBRARIES = YES;
				BUNDLE_LOADER = "$(TEST_HOST)";
				CODE_SIGN_STYLE = Automatic;
				CURRENT_PROJECT_VERSION = 1;
				GENERATE_INFOPLIST_FILE = YES;
				IPHONEOS_DEPLOYMENT_TARGET = 15.2;
				MARKETING_VERSION = 1.0;
				PRODUCT_BUNDLE_IDENTIFIER = com.ibirori.app.AuthenticationAppTests;
				PRODUCT_NAME = "$(TARGET_NAME)";
				SWIFT_EMIT_LOC_STRINGS = NO;
				SWIFT_VERSION = 5.0;
				TARGETED_DEVICE_FAMILY = "1,2";
				TEST_HOST = "$(BUILT_PRODUCTS_DIR)/AuthenticationApp.app/AuthenticationApp";
			};
			name = Debug;
		};
		6CE70F3327E25CE90096D7C1 /* Release */ = {
			isa = XCBuildConfiguration;
			buildSettings = {
				ALWAYS_EMBED_SWIFT_STANDARD_LIBRARIES = YES;
				BUNDLE_LOADER = "$(TEST_HOST)";
				CODE_SIGN_STYLE = Automatic;
				CURRENT_PROJECT_VERSION = 1;
				GENERATE_INFOPLIST_FILE = YES;
				IPHONEOS_DEPLOYMENT_TARGET = 15.2;
				MARKETING_VERSION = 1.0;
				PRODUCT_BUNDLE_IDENTIFIER = com.ibirori.app.AuthenticationAppTests;
				PRODUCT_NAME = "$(TARGET_NAME)";
				SWIFT_EMIT_LOC_STRINGS = NO;
				SWIFT_VERSION = 5.0;
				TARGETED_DEVICE_FAMILY = "1,2";
				TEST_HOST = "$(BUILT_PRODUCTS_DIR)/AuthenticationApp.app/AuthenticationApp";
			};
			name = Release;
		};
		6CE70F3527E25CE90096D7C1 /* Debug */ = {
			isa = XCBuildConfiguration;
			buildSettings = {
				ALWAYS_EMBED_SWIFT_STANDARD_LIBRARIES = YES;
				CODE_SIGN_STYLE = Automatic;
				CURRENT_PROJECT_VERSION = 1;
				GENERATE_INFOPLIST_FILE = YES;
				MARKETING_VERSION = 1.0;
				PRODUCT_BUNDLE_IDENTIFIER = com.ibirori.app.AuthenticationAppUITests;
				PRODUCT_NAME = "$(TARGET_NAME)";
				SWIFT_EMIT_LOC_STRINGS = NO;
				SWIFT_VERSION = 5.0;
				TARGETED_DEVICE_FAMILY = "1,2";
				TEST_TARGET_NAME = AuthenticationApp;
			};
			name = Debug;
		};
		6CE70F3627E25CE90096D7C1 /* Release */ = {
			isa = XCBuildConfiguration;
			buildSettings = {
				ALWAYS_EMBED_SWIFT_STANDARD_LIBRARIES = YES;
				CODE_SIGN_STYLE = Automatic;
				CURRENT_PROJECT_VERSION = 1;
				GENERATE_INFOPLIST_FILE = YES;
				MARKETING_VERSION = 1.0;
				PRODUCT_BUNDLE_IDENTIFIER = com.ibirori.app.AuthenticationAppUITests;
				PRODUCT_NAME = "$(TARGET_NAME)";
				SWIFT_EMIT_LOC_STRINGS = NO;
				SWIFT_VERSION = 5.0;
				TARGETED_DEVICE_FAMILY = "1,2";
				TEST_TARGET_NAME = AuthenticationApp;
			};
			name = Release;
		};
/* End XCBuildConfiguration section */

/* Begin XCConfigurationList section */
		6CE70EFF27E25CE40096D7C1 /* Build configuration list for PBXProject "AuthenticationApp" */ = {
			isa = XCConfigurationList;
			buildConfigurations = (
				6CE70F2C27E25CE90096D7C1 /* Debug */,
				6CE70F2D27E25CE90096D7C1 /* Release */,
			);
			defaultConfigurationIsVisible = 0;
			defaultConfigurationName = Release;
		};
		6CE70F2E27E25CE90096D7C1 /* Build configuration list for PBXNativeTarget "AuthenticationApp" */ = {
			isa = XCConfigurationList;
			buildConfigurations = (
				6CE70F2F27E25CE90096D7C1 /* Debug */,
				6CE70F3027E25CE90096D7C1 /* Release */,
			);
			defaultConfigurationIsVisible = 0;
			defaultConfigurationName = Release;
		};
		6CE70F3127E25CE90096D7C1 /* Build configuration list for PBXNativeTarget "AuthenticationAppTests" */ = {
			isa = XCConfigurationList;
			buildConfigurations = (
				6CE70F3227E25CE90096D7C1 /* Debug */,
				6CE70F3327E25CE90096D7C1 /* Release */,
			);
			defaultConfigurationIsVisible = 0;
			defaultConfigurationName = Release;
		};
		6CE70F3427E25CE90096D7C1 /* Build configuration list for PBXNativeTarget "AuthenticationAppUITests" */ = {
			isa = XCConfigurationList;
			buildConfigurations = (
				6CE70F3527E25CE90096D7C1 /* Debug */,
				6CE70F3627E25CE90096D7C1 /* Release */,
			);
			defaultConfigurationIsVisible = 0;
			defaultConfigurationName = Release;
		};
/* End XCConfigurationList section */

/* Begin XCRemoteSwiftPackageReference section */
		6C5FF3EE27E3187600489262 /* XCRemoteSwiftPackageReference "facebook-ios-sdk" */ = {
			isa = XCRemoteSwiftPackageReference;
			repositoryURL = "https://github.com/facebook/facebook-ios-sdk";
			requirement = {
				branch = main;
				kind = branch;
			};
		};
		6CE70F3727E25E720096D7C1 /* XCRemoteSwiftPackageReference "firebase-ios-sdk" */ = {
			isa = XCRemoteSwiftPackageReference;
			repositoryURL = "https://github.com/firebase/firebase-ios-sdk.git";
			requirement = {
				kind = upToNextMajorVersion;
				minimumVersion = 8.0.0;
			};
		};
		6CE70F4027E260D80096D7C1 /* XCRemoteSwiftPackageReference "GoogleSignIn-iOS" */ = {
			isa = XCRemoteSwiftPackageReference;
			repositoryURL = "https://github.com/google/GoogleSignIn-iOS";
			requirement = {
				branch = main;
				kind = branch;
			};
		};
/* End XCRemoteSwiftPackageReference section */

/* Begin XCSwiftPackageProductDependency section */
		6C5FF3EF27E3187700489262 /* FacebookLogin */ = {
			isa = XCSwiftPackageProductDependency;
			package = 6C5FF3EE27E3187600489262 /* XCRemoteSwiftPackageReference "facebook-ios-sdk" */;
			productName = FacebookLogin;
		};
		6CE70F3827E25E720096D7C1 /* FirebaseAnalytics */ = {
			isa = XCSwiftPackageProductDependency;
			package = 6CE70F3727E25E720096D7C1 /* XCRemoteSwiftPackageReference "firebase-ios-sdk" */;
			productName = FirebaseAnalytics;
		};
		6CE70F3A27E25E720096D7C1 /* FirebaseAuth */ = {
			isa = XCSwiftPackageProductDependency;
			package = 6CE70F3727E25E720096D7C1 /* XCRemoteSwiftPackageReference "firebase-ios-sdk" */;
			productName = FirebaseAuth;
		};
		6CE70F3C27E25E720096D7C1 /* FirebaseFirestore */ = {
			isa = XCSwiftPackageProductDependency;
			package = 6CE70F3727E25E720096D7C1 /* XCRemoteSwiftPackageReference "firebase-ios-sdk" */;
			productName = FirebaseFirestore;
		};
		6CE70F4127E260D90096D7C1 /* GoogleSignIn */ = {
			isa = XCSwiftPackageProductDependency;
			package = 6CE70F4027E260D80096D7C1 /* XCRemoteSwiftPackageReference "GoogleSignIn-iOS" */;
			productName = GoogleSignIn;
		};
/* End XCSwiftPackageProductDependency section */
	};
	rootObject = 6CE70EFC27E25CE40096D7C1 /* Project object */;
}
